schema: '2.0'
stages:
  preprocess:
    cmd: python src/preprocess.py
    deps:
    - path: src/preprocess.py
      md5: 3377608d41baaf5d37fa664a5e4cd944
      size: 2204
    - path: training_data/a1_RestaurantReviews_HistoricDump.tsv
      md5: 102f1f4193e0bdebdd6cce7f13e0a839
      size: 55587
    outs:
    - path: bow/bow_sentiment_model.pkl
      md5: 1e2d849097337f543252a31ef8c4eef5
      size: 34146
    - path: splitData/x_test.pkl
      md5: dff7bd7ca2acd9aeba2f2ee274f06979
      size: 2044962
    - path: splitData/x_train.pkl
      md5: 04a58e8d13748e243e817c0a2d10dd91
      size: 8179363
    - path: splitData/y_test.pkl
      md5: 09eabb64df4a6de7bab7b26426915b40
      size: 1590
    - path: splitData/y_train.pkl
      md5: 896e15d0f8257c856b3ed9efe1d10e72
      size: 5911
  train:
    cmd: python src/train.py
    deps:
    - path: splitData/x_train.pkl
      md5: 04a58e8d13748e243e817c0a2d10dd91
      size: 8179363
    - path: splitData/y_train.pkl
      md5: 896e15d0f8257c856b3ed9efe1d10e72
      size: 5911
    - path: src/train.py
      md5: e0b8f147e02ddd2798e5a3a09201dc5a
      size: 645
    outs:
    - path: models/classifier_sentiment_model
      md5: 8483da031c9ad4e0a0a00de62fe03260
      size: 46215
  test:
    cmd: python src/test.py
    deps:
    - path: models/classifier_sentiment_model
      md5: 8483da031c9ad4e0a0a00de62fe03260
      size: 46215
    - path: splitData/x_test.pkl
      md5: dff7bd7ca2acd9aeba2f2ee274f06979
      size: 2044962
    - path: splitData/y_test.pkl
      md5: 09eabb64df4a6de7bab7b26426915b40
      size: 1590
    - path: src/test.py
      md5: 0fa95882cb95de76efb2c2b43b6ca8ea
      size: 785
    outs:
    - path: output/metrics.json
      md5: 08b5e0211e0b9b11ffa035cabc784ec8
      size: 32
